
Microsoft Visual Studio Solution File, Format Version 12.00
# Visual Studio 15
VisualStudioVersion = 15.0.27703.2018
MinimumVisualStudioVersion = 10.0.40219.1
Project("{FAE04EC0-301F-11D3-BF4B-00C04F79EFBC}") = "SingleInstance", "SingleInstance\SingleInstance.csproj", "{7E3E8592-7928-4FA9-A8B7-04A2762B8210}"
EndProject
Project("{FAE04EC0-301F-11D3-BF4B-00C04F79EFBC}") = "MultiInstance", "MultiInstance\MultiInstance.csproj", "{6724C694-6FEF-4637-B030-CD3180B60586}"
EndProject
Global
	GlobalSection(SolutionConfigurationPlatforms) = preSolution
		Debug|ARM = Debug|ARM
		Debug|x64 = Debug|x64
		Debug|x86 = Debug|x86
		Release|ARM = Release|ARM
		Release|x64 = Release|x64
		Release|x86 = Release|x86
	EndGlobalSection
	GlobalSection(ProjectConfigurationPlatforms) = postSolution
		{7E3E8592-7928-4FA9-A8B7-04A2762B8210}.Debug|ARM.ActiveCfg = Debug|ARM
		{7E3E8592-7928-4FA9-A8B7-04A2762B8210}.Debug|ARM.Build.0 = Debug|ARM
		{7E3E8592-7928-4FA9-A8B7-04A2762B8210}.Debug|ARM.Deploy.0 = Debug|ARM
		{7E3E8592-7928-4FA9-A8B7-04A2762B8210}.Debug|x64.ActiveCfg = Debug|x64
		{7E3E8592-7928-4FA9-A8B7-04A2762B8210}.Debug|x64.Build.0 = Debug|x64
		{7E3E8592-7928-4FA9-A8B7-04A2762B8210}.Debug|x64.Deploy.0 = Debug|x64
		{7E3E8592-7928-4FA9-A8B7-04A2762B8210}.Debug|x86.ActiveCfg = Debug|x86
		{7E3E8592-7928-4FA9-A8B7-04A2762B8210}.Debug|x86.Build.0 = Debug|x86
		{7E3E8592-7928-4FA9-A8B7-04A2762B8210}.Debug|x86.Deploy.0 = Debug|x86
		{7E3E8592-7928-4FA9-A8B7-04A2762B8210}.Release|ARM.ActiveCfg = Release|ARM
		{7E3E8592-7928-4FA9-A8B7-04A2762B8210}.Release|ARM.Build.0 = Release|ARM
		{7E3E8592-7928-4FA9-A8B7-04A2762B8210}.Release|ARM.Deploy.0 = Release|ARM
		{7E3E8592-7928-4FA9-A8B7-04A2762B8210}.Release|x64.ActiveCfg = Release|x64
		{7E3E8592-7928-4FA9-A8B7-04A2762B8210}.Release|x64.Build.0 = Release|x64
		{7E3E8592-7928-4FA9-A8B7-04A2762B8210}.Release|x64.Deploy.0 = Release|x64
		{7E3E8592-7928-4FA9-A8B7-04A2762B8210}.Release|x86.ActiveCfg = Release|x86
		{7E3E8592-7928-4FA9-A8B7-04A2762B8210}.Release|x86.Build.0 = Release|x86
		{7E3E8592-7928-4FA9-A8B7-04A2762B8210}.Release|x86.Deploy.0 = Release|x86
		{6724C694-6FEF-4637-B030-CD3180B60586}.Debug|ARM.ActiveCfg = Debug|ARM
		{6724C694-6FEF-4637-B030-CD3180B60586}.Debug|ARM.Build.0 = Debug|ARM
		{6724C694-6FEF-4637-B030-CD3180B60586}.Debug|ARM.Deploy.0 = Debug|ARM
		{6724C694-6FEF-4637-B030-CD3180B60586}.Debug|x64.ActiveCfg = Debug|x64
		{6724C694-6FEF-4637-B030-CD3180B60586}.Debug|x64.Build.0 = Debug|x64
		{6724C694-6FEF-4637-B030-CD3180B60586}.Debug|x64.Deploy.0 = Debug|x64
		{6724C694-6FEF-4637-B030-CD3180B60586}.Debug|x86.ActiveCfg = Debug|x86
		{6724C694-6FEF-4637-B030-CD3180B60586}.Debug|x86.Build.0 = Debug|x86
		{6724C694-6FEF-4637-B030-CD3180B60586}.Debug|x86.Deploy.0 = Debug|x86
		{6724C694-6FEF-4637-B030-CD3180B60586}.Release|ARM.ActiveCfg = Release|ARM
		{6724C694-6FEF-4637-B030-CD3180B60586}.Release|ARM.Build.0 = Release|ARM
		{6724C694-6FEF-4637-B030-CD3180B60586}.Release|ARM.Deploy.0 = Release|ARM
		{6724C694-6FEF-4637-B030-CD3180B60586}.Release|x64.ActiveCfg = Release|x64
		{6724C694-6FEF-4637-B030-CD3180B60586}.Release|x64.Build.0 = Release|x64
		{6724C694-6FEF-4637-B030-CD3180B60586}.Release|x64.Deploy.0 = Release|x64
		{6724C694-6FEF-4637-B030-CD3180B60586}.Release|x86.ActiveCfg = Release|x86
		{6724C694-6FEF-4637-B030-CD3180B60586}.Release|x86.Build.0 = Release|x86
		{6724C694-6FEF-4637-B030-CD3180B60586}.Release|x86.Deploy.0 = Release|x86
	EndGlobalSection
	GlobalSection(SolutionProperties) = preSolution
		HideSolutionNode = FALSE
	EndGlobalSection
	GlobalSection(ExtensibilityGlobals) = postSolution
		SolutionGuid = {62108715-581D-4001-86F1-F19A57500C51}
	EndGlobalSection
EndGlobal
